// !$*UTF8*$!
{
	archiveVersion = 1;
	classes = {
	};
	objectVersion = 46;
	objects = {

/* Begin PBXBuildFile section */
		D3E9419416791D9C00FD4BFE /* UIKit.framework in Frameworks */ = {isa = PBXBuildFile; fileRef = D3E9419316791D9C00FD4BFE /* UIKit.framework */; };
		D3E9419616791D9C00FD4BFE /* Foundation.framework in Frameworks */ = {isa = PBXBuildFile; fileRef = D3E9419516791D9C00FD4BFE /* Foundation.framework */; };
		D3E9419816791D9C00FD4BFE /* CoreGraphics.framework in Frameworks */ = {isa = PBXBuildFile; fileRef = D3E9419716791D9C00FD4BFE /* CoreGraphics.framework */; };
		D3E9419E16791D9C00FD4BFE /* InfoPlist.strings in Resources */ = {isa = PBXBuildFile; fileRef = D3E9419C16791D9C00FD4BFE /* InfoPlist.strings */; };
		D3E941A016791D9C00FD4BFE /* main.m in Sources */ = {isa = PBXBuildFile; fileRef = D3E9419F16791D9C00FD4BFE /* main.m */; };
		D3E941A416791D9C00FD4BFE /* AppDelegate.m in Sources */ = {isa = PBXBuildFile; fileRef = D3E941A316791D9C00FD4BFE /* AppDelegate.m */; };
		D3E941A616791D9D00FD4BFE /* Default.png in Resources */ = {isa = PBXBuildFile; fileRef = D3E941A516791D9D00FD4BFE /* Default.png */; };
		D3E941A816791D9D00FD4BFE /* Default@2x.png in Resources */ = {isa = PBXBuildFile; fileRef = D3E941A716791D9D00FD4BFE /* Default@2x.png */; };
		D3E941AD16791D9D00FD4BFE /* ViewController.m in Sources */ = {isa = PBXBuildFile; fileRef = D3E941AC16791D9D00FD4BFE /* ViewController.m */; };
		D3E941B016791D9D00FD4BFE /* ViewController.xib in Resources */ = {isa = PBXBuildFile; fileRef = D3E941AE16791D9D00FD4BFE /* ViewController.xib */; };
		D3E941CC16791F8900FD4BFE /* back_btn.png in Resources */ = {isa = PBXBuildFile; fileRef = D3E941B716791F8900FD4BFE /* back_btn.png */; };
		D3E941CD16791F8900FD4BFE /* BG.png in Resources */ = {isa = PBXBuildFile; fileRef = D3E941B816791F8900FD4BFE /* BG.png */; };
		D3E941CE16791F8900FD4BFE /* home_btn.png in Resources */ = {isa = PBXBuildFile; fileRef = D3E941B916791F8900FD4BFE /* home_btn.png */; };
		D3E941CF16791F8900FD4BFE /* menu_btn.png in Resources */ = {isa = PBXBuildFile; fileRef = D3E941BA16791F8900FD4BFE /* menu_btn.png */; };
		D3E941D016791F8900FD4BFE /* reply_btn.png in Resources */ = {isa = PBXBuildFile; fileRef = D3E941BC16791F8900FD4BFE /* reply_btn.png */; };
		D3E941D116791F8900FD4BFE /* delet_btn.png in Resources */ = {isa = PBXBuildFile; fileRef = D3E941BD16791F8900FD4BFE /* delet_btn.png */; };
		D3E941D216791F8900FD4BFE /* message_BG.png in Resources */ = {isa = PBXBuildFile; fileRef = D3E941BE16791F8900FD4BFE /* message_BG.png */; };
		D3E941D316791F8900FD4BFE /* message_defaultImg.png in Resources */ = {isa = PBXBuildFile; fileRef = D3E941BF16791F8900FD4BFE /* message_defaultImg.png */; };
		D3E941D416791F8900FD4BFE /* messages_btn.png in Resources */ = {isa = PBXBuildFile; fileRef = D3E941C016791F8900FD4BFE /* messages_btn.png */; };
		D3E941D516791F8900FD4BFE /* Opened_options.png in Resources */ = {isa = PBXBuildFile; fileRef = D3E941C116791F8900FD4BFE /* Opened_options.png */; };
		D3E941D616791F8900FD4BFE /* options_btn.png in Resources */ = {isa = PBXBuildFile; fileRef = D3E941C216791F8900FD4BFE /* options_btn.png */; };
		D3E941D716791F8900FD4BFE /* dot_read.png in Resources */ = {isa = PBXBuildFile; fileRef = D3E941C416791F8900FD4BFE /* dot_read.png */; };
		D3E941D816791F8900FD4BFE /* dot_unread.png in Resources */ = {isa = PBXBuildFile; fileRef = D3E941C516791F8900FD4BFE /* dot_unread.png */; };
		D3E941D916791F8900FD4BFE /* inner_BG.png in Resources */ = {isa = PBXBuildFile; fileRef = D3E941C616791F8900FD4BFE /* inner_BG.png */; };
		D3E941DA16791F8900FD4BFE /* inner_BG_border.png in Resources */ = {isa = PBXBuildFile; fileRef = D3E941C716791F8900FD4BFE /* inner_BG_border.png */; };
		D3E941DB16791F8900FD4BFE /* messages_row_BG.png in Resources */ = {isa = PBXBuildFile; fileRef = D3E941C816791F8900FD4BFE /* messages_row_BG.png */; };
		D3E941DC16791F8900FD4BFE /* messagesNo_shapeBG.png in Resources */ = {isa = PBXBuildFile; fileRef = D3E941C916791F8900FD4BFE /* messagesNo_shapeBG.png */; };
		D3E941DD16791F8900FD4BFE /* more_btn.png in Resources */ = {isa = PBXBuildFile; fileRef = D3E941CA16791F8900FD4BFE /* more_btn.png */; };
		D3E941DE16791F8900FD4BFE /* refresh_btn.png in Resources */ = {isa = PBXBuildFile; fileRef = D3E941CB16791F8900FD4BFE /* refresh_btn.png */; };
		D3E941E11679261900FD4BFE /* MessagesCell.m in Sources */ = {isa = PBXBuildFile; fileRef = D3E941E01679261800FD4BFE /* MessagesCell.m */; };
		D3E941E31679262A00FD4BFE /* MessagesCell.xib in Resources */ = {isa = PBXBuildFile; fileRef = D3E941E21679262900FD4BFE /* MessagesCell.xib */; };
/* End PBXBuildFile section */

/* Begin PBXFileReference section */
		D3E9418F16791D9C00FD4BFE /* Game.app */ = {isa = PBXFileReference; explicitFileType = wrapper.application; includeInIndex = 0; path = Game.app; sourceTree = BUILT_PRODUCTS_DIR; };
		D3E9419316791D9C00FD4BFE /* UIKit.framework */ = {isa = PBXFileReference; lastKnownFileType = wrapper.framework; name = UIKit.framework; path = System/Library/Frameworks/UIKit.framework; sourceTree = SDKROOT; };
		D3E9419516791D9C00FD4BFE /* Foundation.framework */ = {isa = PBXFileReference; lastKnownFileType = wrapper.framework; name = Foundation.framework; path = System/Library/Frameworks/Foundation.framework; sourceTree = SDKROOT; };
		D3E9419716791D9C00FD4BFE /* CoreGraphics.framework */ = {isa = PBXFileReference; lastKnownFileType = wrapper.framework; name = CoreGraphics.framework; path = System/Library/Frameworks/CoreGraphics.framework; sourceTree = SDKROOT; };
		D3E9419B16791D9C00FD4BFE /* Game-Info.plist */ = {isa = PBXFileReference; lastKnownFileType = text.plist.xml; path = "Game-Info.plist"; sourceTree = "<group>"; };
		D3E9419D16791D9C00FD4BFE /* en */ = {isa = PBXFileReference; lastKnownFileType = text.plist.strings; name = en; path = en.lproj/InfoPlist.strings; sourceTree = "<group>"; };
		D3E9419F16791D9C00FD4BFE /* main.m */ = {isa = PBXFileReference; lastKnownFileType = sourcecode.c.objc; path = main.m; sourceTree = "<group>"; };
		D3E941A116791D9C00FD4BFE /* Game-Prefix.pch */ = {isa = PBXFileReference; lastKnownFileType = sourcecode.c.h; path = "Game-Prefix.pch"; sourceTree = "<group>"; };
		D3E941A216791D9C00FD4BFE /* AppDelegate.h */ = {isa = PBXFileReference; lastKnownFileType = sourcecode.c.h; path = AppDelegate.h; sourceTree = "<group>"; };
		D3E941A316791D9C00FD4BFE /* AppDelegate.m */ = {isa = PBXFileReference; lastKnownFileType = sourcecode.c.objc; path = AppDelegate.m; sourceTree = "<group>"; };
		D3E941A516791D9D00FD4BFE /* Default.png */ = {isa = PBXFileReference; lastKnownFileType = image.png; path = Default.png; sourceTree = "<group>"; };
		D3E941A716791D9D00FD4BFE /* Default@2x.png */ = {isa = PBXFileReference; lastKnownFileType = image.png; path = "Default@2x.png"; sourceTree = "<group>"; };
		D3E941A916791D9D00FD4BFE /* Default-58h@2x.png */ = {isa = PBXFileReference; lastKnownFileType = image.png; path = "Default-58h@2x.png"; sourceTree = "<group>"; };
		D3E941AB16791D9D00FD4BFE /* ViewController.h */ = {isa = PBXFileReference; lastKnownFileType = sourcecode.c.h; path = ViewController.h; sourceTree = "<group>"; };
		D3E941AC16791D9D00FD4BFE /* ViewController.m */ = {isa = PBXFileReference; lastKnownFileType = sourcecode.c.objc; path = ViewController.m; sourceTree = "<group>"; };
		D3E941AF16791D9D00FD4BFE /* en */ = {isa = PBXFileReference; lastKnownFileType = file.xib; name = en; path = en.lproj/ViewController.xib; sourceTree = "<group>"; };
		D3E941B716791F8900FD4BFE /* back_btn.png */ = {isa = PBXFileReference; lastKnownFileType = image.png; path = back_btn.png; sourceTree = "<group>"; };
		D3E941B816791F8900FD4BFE /* BG.png */ = {isa = PBXFileReference; lastKnownFileType = image.png; path = BG.png; sourceTree = "<group>"; };
		D3E941B916791F8900FD4BFE /* home_btn.png */ = {isa = PBXFileReference; lastKnownFileType = image.png; path = home_btn.png; sourceTree = "<group>"; };
		D3E941BA16791F8900FD4BFE /* menu_btn.png */ = {isa = PBXFileReference; lastKnownFileType = image.png; path = menu_btn.png; sourceTree = "<group>"; };
		D3E941BC16791F8900FD4BFE /* reply_btn.png */ = {isa = PBXFileReference; lastKnownFileType = image.png; path = reply_btn.png; sourceTree = "<group>"; };
		D3E941BD16791F8900FD4BFE /* delet_btn.png */ = {isa = PBXFileReference; lastKnownFileType = image.png; path = delet_btn.png; sourceTree = "<group>"; };
		D3E941BE16791F8900FD4BFE /* message_BG.png */ = {isa = PBXFileReference; lastKnownFileType = image.png; path = message_BG.png; sourceTree = "<group>"; };
		D3E941BF16791F8900FD4BFE /* message_defaultImg.png */ = {isa = PBXFileReference; lastKnownFileType = image.png; path = message_defaultImg.png; sourceTree = "<group>"; };
		D3E941C016791F8900FD4BFE /* messages_btn.png */ = {isa = PBXFileReference; lastKnownFileType = image.png; path = messages_btn.png; sourceTree = "<group>"; };
		D3E941C116791F8900FD4BFE /* Opened_options.png */ = {isa = PBXFileReference; lastKnownFileType = image.png; path = Opened_options.png; sourceTree = "<group>"; };
		D3E941C216791F8900FD4BFE /* options_btn.png */ = {isa = PBXFileReference; lastKnownFileType = image.png; path = options_btn.png; sourceTree = "<group>"; };
		D3E941C416791F8900FD4BFE /* dot_read.png */ = {isa = PBXFileReference; lastKnownFileType = image.png; path = dot_read.png; sourceTree = "<group>"; };
		D3E941C516791F8900FD4BFE /* dot_unread.png */ = {isa = PBXFileReference; lastKnownFileType = image.png; path = dot_unread.png; sourceTree = "<group>"; };
		D3E941C616791F8900FD4BFE /* inner_BG.png */ = {isa = PBXFileReference; lastKnownFileType = image.png; path = inner_BG.png; sourceTree = "<group>"; };
		D3E941C716791F8900FD4BFE /* inner_BG_border.png */ = {isa = PBXFileReference; lastKnownFileType = image.png; path = inner_BG_border.png; sourceTree = "<group>"; };
		D3E941C816791F8900FD4BFE /* messages_row_BG.png */ = {isa = PBXFileReference; lastKnownFileType = image.png; path = messages_row_BG.png; sourceTree = "<group>"; };
		D3E941C916791F8900FD4BFE /* messagesNo_shapeBG.png */ = {isa = PBXFileReference; lastKnownFileType = image.png; path = messagesNo_shapeBG.png; sourceTree = "<group>"; };
		D3E941CA16791F8900FD4BFE /* more_btn.png */ = {isa = PBXFileReference; lastKnownFileType = image.png; path = more_btn.png; sourceTree = "<group>"; };
		D3E941CB16791F8900FD4BFE /* refresh_btn.png */ = {isa = PBXFileReference; lastKnownFileType = image.png; path = refresh_btn.png; sourceTree = "<group>"; };
		D3E941DF1679261700FD4BFE /* MessagesCell.h */ = {isa = PBXFileReference; fileEncoding = 4; lastKnownFileType = sourcecode.c.h; path = MessagesCell.h; sourceTree = "<group>"; };
		D3E941E01679261800FD4BFE /* MessagesCell.m */ = {isa = PBXFileReference; fileEncoding = 4; lastKnownFileType = sourcecode.c.objc; path = MessagesCell.m; sourceTree = "<group>"; };
		D3E941E21679262900FD4BFE /* MessagesCell.xib */ = {isa = PBXFileReference; fileEncoding = 4; lastKnownFileType = file.xib; path = MessagesCell.xib; sourceTree = "<group>"; };
/* End PBXFileReference section */

/* Begin PBXFrameworksBuildPhase section */
		D3E9418C16791D9C00FD4BFE /* Frameworks */ = {
			isa = PBXFrameworksBuildPhase;
			buildActionMask = 2147483647;
			files = (
				D3E9419416791D9C00FD4BFE /* UIKit.framework in Frameworks */,
				D3E9419616791D9C00FD4BFE /* Foundation.framework in Frameworks */,
				D3E9419816791D9C00FD4BFE /* CoreGraphics.framework in Frameworks */,
			);
			runOnlyForDeploymentPostprocessing = 0;
		};
/* End PBXFrameworksBuildPhase section */

/* Begin PBXGroup section */
		D3E9418416791D9C00FD4BFE = {
			isa = PBXGroup;
			children = (
				D3E9419916791D9C00FD4BFE /* Game */,
				D3E9419216791D9C00FD4BFE /* Frameworks */,
				D3E9419016791D9C00FD4BFE /* Products */,
			);
			sourceTree = "<group>";
		};
		D3E9419016791D9C00FD4BFE /* Products */ = {
			isa = PBXGroup;
			children = (
				D3E9418F16791D9C00FD4BFE /* Game.app */,
			);
			name = Products;
			sourceTree = "<group>";
		};
		D3E9419216791D9C00FD4BFE /* Frameworks */ = {
			isa = PBXGroup;
			children = (
				D3E9419316791D9C00FD4BFE /* UIKit.framework */,
				D3E9419516791D9C00FD4BFE /* Foundation.framework */,
				D3E9419716791D9C00FD4BFE /* CoreGraphics.framework */,
			);
			name = Frameworks;
			sourceTree = "<group>";
		};
		D3E9419916791D9C00FD4BFE /* Game */ = {
			isa = PBXGroup;
			children = (
				D3E941B616791F8900FD4BFE /* Resources */,
				D3E941A216791D9C00FD4BFE /* AppDelegate.h */,
				D3E941A316791D9C00FD4BFE /* AppDelegate.m */,
				D3E941AB16791D9D00FD4BFE /* ViewController.h */,
				D3E941AC16791D9D00FD4BFE /* ViewController.m */,
				D3E941AE16791D9D00FD4BFE /* ViewController.xib */,
				D3E9419A16791D9C00FD4BFE /* Supporting Files */,
				D3E941DF1679261700FD4BFE /* MessagesCell.h */,
				D3E941E01679261800FD4BFE /* MessagesCell.m */,
				D3E941E21679262900FD4BFE /* MessagesCell.xib */,
			);
			path = Game;
			sourceTree = "<group>";
		};
		D3E9419A16791D9C00FD4BFE /* Supporting Files */ = {
			isa = PBXGroup;
			children = (
				D3E9419B16791D9C00FD4BFE /* Game-Info.plist */,
				D3E9419C16791D9C00FD4BFE /* InfoPlist.strings */,
				D3E9419F16791D9C00FD4BFE /* main.m */,
				D3E941A116791D9C00FD4BFE /* Game-Prefix.pch */,
				D3E941A516791D9D00FD4BFE /* Default.png */,
				D3E941A716791D9D00FD4BFE /* Default@2x.png */,
				D3E941A916791D9D00FD4BFE /* Default-58h@2x.png */,
			);
			name = "Supporting Files";
			sourceTree = "<group>";
		};
		D3E941B616791F8900FD4BFE /* Resources */ = {
			isa = PBXGroup;
			children = (
				D3E941B716791F8900FD4BFE /* back_btn.png */,
				D3E941B816791F8900FD4BFE /* BG.png */,
				D3E941B916791F8900FD4BFE /* home_btn.png */,
				D3E941BA16791F8900FD4BFE /* menu_btn.png */,
				D3E941BB16791F8900FD4BFE /* message */,
				D3E941C316791F8900FD4BFE /* messages */,
				D3E941CA16791F8900FD4BFE /* more_btn.png */,
				D3E941CB16791F8900FD4BFE /* refresh_btn.png */,
			);
			path = Resources;
			sourceTree = "<group>";
		};
		D3E941BB16791F8900FD4BFE /* message */ = {
			isa = PBXGroup;
			children = (
				D3E941BC16791F8900FD4BFE /* reply_btn.png */,
				D3E941BD16791F8900FD4BFE /* delet_btn.png */,
				D3E941BE16791F8900FD4BFE /* message_BG.png */,
				D3E941BF16791F8900FD4BFE /* message_defaultImg.png */,
				D3E941C016791F8900FD4BFE /* messages_btn.png */,
				D3E941C116791F8900FD4BFE /* Opened_options.png */,
				D3E941C216791F8900FD4BFE /* options_btn.png */,
			);
			path = message;
			sourceTree = "<group>";
		};
		D3E941C316791F8900FD4BFE /* messages */ = {
			isa = PBXGroup;
			children = (
				D3E941C416791F8900FD4BFE /* dot_read.png */,
				D3E941C516791F8900FD4BFE /* dot_unread.png */,
				D3E941C616791F8900FD4BFE /* inner_BG.png */,
				D3E941C716791F8900FD4BFE /* inner_BG_border.png */,
				D3E941C816791F8900FD4BFE /* messages_row_BG.png */,
				D3E941C916791F8900FD4BFE /* messagesNo_shapeBG.png */,
			);
			path = messages;
			sourceTree = "<group>";
		};
/* End PBXGroup section */

/* Begin PBXNativeTarget section */
		D3E9418E16791D9C00FD4BFE /* Game */ = {
			isa = PBXNativeTarget;
			buildConfigurationList = D3E941B316791D9D00FD4BFE /* Build configuration list for PBXNativeTarget "Game" */;
			buildPhases = (
				D3E9418B16791D9C00FD4BFE /* Sources */,
				D3E9418C16791D9C00FD4BFE /* Frameworks */,
				D3E9418D16791D9C00FD4BFE /* Resources */,
			);
			buildRules = (
			);
			dependencies = (
			);
			name = Game;
			productName = Game;
			productReference = D3E9418F16791D9C00FD4BFE /* Game.app */;
			productType = "com.apple.product-type.application";
		};
/* End PBXNativeTarget section */

/* Begin PBXProject section */
		D3E9418616791D9C00FD4BFE /* Project object */ = {
			isa = PBXProject;
			attributes = {
				LastUpgradeCheck = 0450;
				ORGANIZATIONNAME = Innovaton;
			};
			buildConfigurationList = D3E9418916791D9C00FD4BFE /* Build configuration list for PBXProject "Game" */;
			compatibilityVersion = "Xcode 3.2";
			developmentRegion = English;
			hasScannedForEncodings = 0;
			knownRegions = (
				en,
			);
			mainGroup = D3E9418416791D9C00FD4BFE;
			productRefGroup = D3E9419016791D9C00FD4BFE /* Products */;
			projectDirPath = "";
			projectRoot = "";
			targets = (
				D3E9418E16791D9C00FD4BFE /* Game */,
			);
		};
/* End PBXProject section */

/* Begin PBXResourcesBuildPhase section */
		D3E9418D16791D9C00FD4BFE /* Resources */ = {
			isa = PBXResourcesBuildPhase;
			buildActionMask = 2147483647;
			files = (
				D3E9419E16791D9C00FD4BFE /* InfoPlist.strings in Resources */,
				D3E941A616791D9D00FD4BFE /* Default.png in Resources */,
				D3E941A816791D9D00FD4BFE /* Default@2x.png in Resources */,
				D3E941B016791D9D00FD4BFE /* ViewController.xib in Resources */,
				D3E941CC16791F8900FD4BFE /* back_btn.png in Resources */,
				D3E941CD16791F8900FD4BFE /* BG.png in Resources */,
				D3E941CE16791F8900FD4BFE /* home_btn.png in Resources */,
				D3E941CF16791F8900FD4BFE /* menu_btn.png in Resources */,
				D3E941D016791F8900FD4BFE /* reply_btn.png in Resources */,
				D3E941D116791F8900FD4BFE /* delet_btn.png in Resources */,
				D3E941D216791F8900FD4BFE /* message_BG.png in Resources */,
				D3E941D316791F8900FD4BFE /* message_defaultImg.png in Resources */,
				D3E941D416791F8900FD4BFE /* messages_btn.png in Resources */,
				D3E941D516791F8900FD4BFE /* Opened_options.png in Resources */,
				D3E941D616791F8900FD4BFE /* options_btn.png in Resources */,
				D3E941D716791F8900FD4BFE /* dot_read.png in Resources */,
				D3E941D816791F8900FD4BFE /* dot_unread.png in Resources */,
				D3E941D916791F8900FD4BFE /* inner_BG.png in Resources */,
				D3E941DA16791F8900FD4BFE /* inner_BG_border.png in Resources */,
				D3E941DB16791F8900FD4BFE /* messages_row_BG.png in Resources */,
				D3E941DC16791F8900FD4BFE /* messagesNo_shapeBG.png in Resources */,
				D3E941DD16791F8900FD4BFE /* more_btn.png in Resources */,
				D3E941DE16791F8900FD4BFE /* refresh_btn.png in Resources */,
				D3E941E31679262A00FD4BFE /* MessagesCell.xib in Resources */,
			);
			runOnlyForDeploymentPostprocessing = 0;
		};
/* End PBXResourcesBuildPhase section */

/* Begin PBXSourcesBuildPhase section */
		D3E9418B16791D9C00FD4BFE /* Sources */ = {
			isa = PBXSourcesBuildPhase;
			buildActionMask = 2147483647;
			files = (
				D3E941A016791D9C00FD4BFE /* main.m in Sources */,
				D3E941A416791D9C00FD4BFE /* AppDelegate.m in Sources */,
				D3E941AD16791D9D00FD4BFE /* ViewController.m in Sources */,
				D3E941E11679261900FD4BFE /* MessagesCell.m in Sources */,
			);
			runOnlyForDeploymentPostprocessing = 0;
		};
/* End PBXSourcesBuildPhase section */

/* Begin PBXVariantGroup section */
		D3E9419C16791D9C00FD4BFE /* InfoPlist.strings */ = {
			isa = PBXVariantGroup;
			children = (
				D3E9419D16791D9C00FD4BFE /* en */,
			);
			name = InfoPlist.strings;
			sourceTree = "<group>";
		};
		D3E941AE16791D9D00FD4BFE /* ViewController.xib */ = {
			isa = PBXVariantGroup;
			children = (
				D3E941AF16791D9D00FD4BFE /* en */,
			);
			name = ViewController.xib;
			sourceTree = "<group>";
		};
/* End PBXVariantGroup section */

/* Begin XCBuildConfiguration section */
		D3E941B116791D9D00FD4BFE /* Debug */ = {
			isa = XCBuildConfiguration;
			buildSettings = {
				ALWAYS_SEARCH_USER_PATHS = NO;
				CLANG_CXX_LANGUAGE_STANDARD = "gnu++0x";
				CLANG_CXX_LIBRARY = "libc++";
				CLANG_ENABLE_OBJC_ARC = YES;
				CLANG_WARN_EMPTY_BODY = YES;
				CLANG_WARN__DUPLICATE_METHOD_MATCH = YES;
				"CODE_SIGN_IDENTITY[sdk=iphoneos*]" = "iPhone Developer";
				COPY_PHASE_STRIP = NO;
				GCC_C_LANGUAGE_STANDARD = gnu99;
				GCC_DYNAMIC_NO_PIC = NO;
				GCC_OPTIMIZATION_LEVEL = 0;
				GCC_PREPROCESSOR_DEFINITIONS = (
					"DEBUG=1",
					"$(inherited)",
				);
				GCC_SYMBOLS_PRIVATE_EXTERN = NO;
				GCC_WARN_ABOUT_RETURN_TYPE = YES;
				GCC_WARN_UNINITIALIZED_AUTOS = YES;
				GCC_WARN_UNUSED_VARIABLE = YES;
				IPHONEOS_DEPLOYMENT_TARGET = 6.0;
				ONLY_ACTIVE_ARCH = YES;
				SDKROOT = iphoneos;
			};
			name = Debug;
		};
		D3E941B216791D9D00FD4BFE /* Release */ = {
			isa = XCBuildConfiguration;
			buildSettings = {
				ALWAYS_SEARCH_USER_PATHS = NO;
				CLANG_CXX_LANGUAGE_STANDARD = "gnu++0x";
				CLANG_CXX_LIBRARY = "libc++";
				CLANG_ENABLE_OBJC_ARC = YES;
				CLANG_WARN_EMPTY_BODY = YES;
				CLANG_WARN__DUPLICATE_METHOD_MATCH = YES;
				"CODE_SIGN_IDENTITY[sdk=iphoneos*]" = "iPhone Developer";
				COPY_PHASE_STRIP = YES;
				GCC_C_LANGUAGE_STANDARD = gnu99;
				GCC_WARN_ABOUT_RETURN_TYPE = YES;
				GCC_WARN_UNINITIALIZED_AUTOS = YES;
				GCC_WARN_UNUSED_VARIABLE = YES;
				IPHONEOS_DEPLOYMENT_TARGET = 6.0;
				OTHER_CFLAGS = "-DNS_BLOCK_ASSERTIONS=1";
				SDKROOT = iphoneos;
				VALIDATE_PRODUCT = YES;
			};
			name = Release;
		};
		D3E941B416791D9D00FD4BFE /* Debug */ = {
			isa = XCBuildConfiguration;
			buildSettings = {
				GCC_PRECOMPILE_PREFIX_HEADER = YES;
				GCC_PREFIX_HEADER = "Game/Game-Prefix.pch";
				INFOPLIST_FILE = "Game/Game-Info.plist";
				PRODUCT_NAME = "$(TARGET_NAME)";
				WRAPPER_EXTENSION = app;
			};
			name = Debug;
		};
		D3E941B516791D9D00FD4BFE /* Release */ = {
			isa = XCBuildConfiguration;
			buildSettings = {
				GCC_PRECOMPILE_PREFIX_HEADER = YES;
				GCC_PREFIX_HEADER = "Game/Game-Prefix.pch";
				INFOPLIST_FILE = "Game/Game-Info.plist";
				PRODUCT_NAME = "$(TARGET_NAME)";
				WRAPPER_EXTENSION = app;
			};
			name = Release;
		};
/* End XCBuildConfiguration section */

/* Begin XCConfigurationList section */
		D3E9418916791D9C00FD4BFE /* Build configuration list for PBXProject "Game" */ = {
			isa = XCConfigurationList;
			buildConfigurations = (
				D3E941B116791D9D00FD4BFE /* Debug */,
				D3E941B216791D9D00FD4BFE /* Release */,
			);
			defaultConfigurationIsVisible = 0;
			defaultConfigurationName = Release;
		};
		D3E941B316791D9D00FD4BFE /* Build configuration list for PBXNativeTarget "Game" */ = {
			isa = XCConfigurationList;
			buildConfigurations = (
				D3E941B416791D9D00FD4BFE /* Debug */,
				D3E941B516791D9D00FD4BFE /* Release */,
			);
			defaultConfigurationIsVisible = 0;
		};
/* End XCConfigurationList section */
	};
	rootObject = D3E9418616791D9C00FD4BFE /* Project object */;
}
